<?xml version="1.0" encoding="utf-8"?>
<Project ToolsVersion="4.0" xmlns="http://schemas.microsoft.com/developer/msbuild/2003">
  <ItemGroup>
    <Filter Include="Source Files">
      <UniqueIdentifier>{4FC737F1-C7A5-4376-A066-2A32D752A2FF}</UniqueIdentifier>
      <Extensions>cpp;c;cc;cxx;c++;def;odl;idl;hpj;bat;asm;asmx</Extensions>
    </Filter>
    <Filter Include="Header Files">
      <UniqueIdentifier>{93995380-89BD-4b04-88EB-625FBE52EBFB}</UniqueIdentifier>
      <Extensions>h;hh;hpp;hxx;h++;hm;inl;inc;ipp;xsd</Extensions>
    </Filter>
    <Filter Include="Resource Files">
      <UniqueIdentifier>{67DA6AB6-F800-4c08-8B7A-83BB121AAD01}</UniqueIdentifier>
      <Extensions>rc;ico;cur;bmp;dlg;rc2;rct;bin;rgs;gif;jpg;jpeg;jpe;resx;tiff;tif;png;wav;mfcribbon-ms</Extensions>
    </Filter>
  </ItemGroup>
  <ItemGroup>
    <ClCompile Include="Interactive_Shell.cpp">
      <Filter>Source Files</Filter>
    </ClCompile>
    <ClCompile Include="Command.cpp">
      <Filter>Source Files</Filter>
    </ClCompile>
    <ClCompile Include="Shell.cpp">
      <Filter>Source Files</Filter>
    </ClCompile>
    <ClCompile Include="NoCommand.cpp">
      <Filter>Source Files</Filter>
    </ClCompile>
    <ClCompile Include="StringFunctions.cpp">
      <Filter>Source Files</Filter>
    </ClCompile>
    <ClCompile Include="Echo.cpp">
      <Filter>Source Files</Filter>
    </ClCompile>
    <ClCompile Include="Help.cpp">
      <Filter>Source Files</Filter>
    </ClCompile>
    <ClCompile Include="Findstr.cpp">
      <Filter>Source Files</Filter>
    </ClCompile>
    <ClCompile Include="Dir.cpp">
      <Filter>Source Files</Filter>
    </ClCompile>
    <ClCompile Include="Type.cpp">
      <Filter>Source Files</Filter>
    </ClCompile>
    <ClCompile Include="Start.cpp">
      <Filter>Source Files</Filter>
    </ClCompile>
    <ClCompile Include="Tasklist.cpp">
      <Filter>Source Files</Filter>
    </ClCompile>
    <ClCompile Include="Memory.cpp">
      <Filter>Source Files</Filter>
    </ClCompile>
    <ClCompile Include="Copy.cpp">
      <Filter>Source Files</Filter>
    </ClCompile>
    <ClCompile Include="Move.cpp">
      <Filter>Source Files</Filter>
    </ClCompile>
    <ClCompile Include="Del.cpp">
      <Filter>Source Files</Filter>
    </ClCompile>
    <ClCompile Include="Timeout.cpp">
      <Filter>Source Files</Filter>
    </ClCompile>
    <ClCompile Include="Whoami.cpp">
      <Filter>Source Files</Filter>
    </ClCompile>
    <ClCompile Include="Cd.cpp">
      <Filter>Source Files</Filter>
    </ClCompile>
    <ClCompile Include="Cls.cpp">
      <Filter>Source Files</Filter>
    </ClCompile>
    <ClCompile Include="Set.cpp">
      <Filter>Source Files</Filter>
    </ClCompile>
    <ClCompile Include="EnvironmentVariablesFunctions.cpp">
      <Filter>Source Files</Filter>
    </ClCompile>
    <ClCompile Include="ComplicatedCommand.cpp">
      <Filter>Source Files</Filter>
    </ClCompile>
    <ClCompile Include="IOutput.cpp">
      <Filter>Source Files</Filter>
    </ClCompile>
    <ClCompile Include="ConsoleOutput.cpp">
      <Filter>Source Files</Filter>
    </ClCompile>
  </ItemGroup>
  <ItemGroup>
    <ClInclude Include="Command.h">
      <Filter>Header Files</Filter>
    </ClInclude>
    <ClInclude Include="Interactive_Shell.h">
      <Filter>Header Files</Filter>
    </ClInclude>
    <ClInclude Include="Shell.h">
      <Filter>Header Files</Filter>
    </ClInclude>
    <ClInclude Include="NoCommand.h">
      <Filter>Header Files</Filter>
    </ClInclude>
    <ClInclude Include="StringFunctions.h">
      <Filter>Header Files</Filter>
    </ClInclude>
    <ClInclude Include="Echo.h">
      <Filter>Header Files</Filter>
    </ClInclude>
    <ClInclude Include="Help.h">
      <Filter>Header Files</Filter>
    </ClInclude>
    <ClInclude Include="Findstr.h">
      <Filter>Header Files</Filter>
    </ClInclude>
    <ClInclude Include="Dir.h">
      <Filter>Header Files</Filter>
    </ClInclude>
    <ClInclude Include="Type.h">
      <Filter>Header Files</Filter>
    </ClInclude>
    <ClInclude Include="Start.h">
      <Filter>Header Files</Filter>
    </ClInclude>
    <ClInclude Include="Tasklist.h">
      <Filter>Header Files</Filter>
    </ClInclude>
    <ClInclude Include="Memory.h">
      <Filter>Header Files</Filter>
    </ClInclude>
    <ClInclude Include="Copy.h">
      <Filter>Header Files</Filter>
    </ClInclude>
    <ClInclude Include="Move.h">
      <Filter>Header Files</Filter>
    </ClInclude>
    <ClInclude Include="Del.h">
      <Filter>Header Files</Filter>
    </ClInclude>
    <ClInclude Include="Timeout.h">
      <Filter>Header Files</Filter>
    </ClInclude>
    <ClInclude Include="Whoami.h">
      <Filter>Header Files</Filter>
    </ClInclude>
    <ClInclude Include="Cd.h">
      <Filter>Header Files</Filter>
    </ClInclude>
    <ClInclude Include="ConstErrors.h">
      <Filter>Header Files</Filter>
    </ClInclude>
    <ClInclude Include="Cls.h">
      <Filter>Header Files</Filter>
    </ClInclude>
    <ClInclude Include="Set.h">
      <Filter>Header Files</Filter>
    </ClInclude>
    <ClInclude Include="EnvironmentVariablesFunction.h">
      <Filter>Header Files</Filter>
    </ClInclude>
    <ClInclude Include="ComplicatedCommand.h">
      <Filter>Header Files</Filter>
    </ClInclude>
    <ClInclude Include="IOutput.h">
      <Filter>Header Files</Filter>
    </ClInclude>
    <ClInclude Include="ConsoleOutput.h">
      <Filter>Header Files</Filter>
    </ClInclude>
  </ItemGroup>
</Project>